
Microsoft Visual Studio Solution File, Format Version 12.00
# Visual Studio 2012
Project("{F184B08F-C81C-45F6-A57F-5ABD9991F28F}") = "WebApplication4", "WebApplication4\WebApplication4.vbproj", "{50600787-D1FF-49A7-9435-D19BD0504C81}"
EndProject
Global
	GlobalSection(SolutionConfigurationPlatforms) = preSolution
		Debug|Any CPU = Debug|Any CPU
		Release|Any CPU = Release|Any CPU
	EndGlobalSection
	GlobalSection(ProjectConfigurationPlatforms) = postSolution
		{50600787-D1FF-49A7-9435-D19BD0504C81}.Debug|Any CPU.ActiveCfg = Debug|Any CPU
		{50600787-D1FF-49A7-9435-D19BD0504C81}.Debug|Any CPU.Build.0 = Debug|Any CPU
		{50600787-D1FF-49A7-9435-D19BD0504C81}.Release|Any CPU.ActiveCfg = Release|Any CPU
		{50600787-D1FF-49A7-9435-D19BD0504C81}.Release|Any CPU.Build.0 = Release|Any CPU
	EndGlobalSection
	GlobalSection(SolutionProperties) = preSolution
		HideSolutionNode = FALSE
	EndGlobalSection
EndGlobal
